// !$*UTF8*$!
{
	archiveVersion = 1;
	classes = {
	};
	objectVersion = 77;
	objects = {

/* Begin PBXBuildFile section */
		5D5BBEBD2D14F4C200162347 /* Product.storekit in Resources */ = {isa = PBXBuildFile; fileRef = 5D5BBEBB2D14F4C200162347 /* Product.storekit */; };
		5D5BBEBE2D14F4C200162347 /* ProductList.plist in Resources */ = {isa = PBXBuildFile; fileRef = 5D5BBEBC2D14F4C200162347 /* ProductList.plist */; };
		5DC83A122D247DF40093C3B4 /* Stripe in Frameworks */ = {isa = PBXBuildFile; productRef = 5DC83A112D247DF40093C3B4 /* Stripe */; };
		5DC83A142D247DF40093C3B4 /* StripeApplePay in Frameworks */ = {isa = PBXBuildFile; productRef = 5DC83A132D247DF40093C3B4 /* StripeApplePay */; };
		5DC83A162D247DF40093C3B4 /* StripeCardScan in Frameworks */ = {isa = PBXBuildFile; productRef = 5DC83A152D247DF40093C3B4 /* StripeCardScan */; };
		5DC83A182D247DF40093C3B4 /* StripePaymentSheet in Frameworks */ = {isa = PBXBuildFile; productRef = 5DC83A172D247DF40093C3B4 /* StripePaymentSheet */; };
		5DC83A1A2D247DF40093C3B4 /* StripePayments in Frameworks */ = {isa = PBXBuildFile; productRef = 5DC83A192D247DF40093C3B4 /* StripePayments */; };
/* End PBXBuildFile section */

/* Begin PBXContainerItemProxy section */
		FB11E0DC2CC8817A00B0E811 /* PBXContainerItemProxy */ = {
			isa = PBXContainerItemProxy;
			containerPortal = FB11E0C32CC8817700B0E811 /* Project object */;
			proxyType = 1;
			remoteGlobalIDString = FB11E0CA2CC8817700B0E811;
			remoteInfo = "mycover-app";
		};
		FB11E0E62CC8817A00B0E811 /* PBXContainerItemProxy */ = {
			isa = PBXContainerItemProxy;
			containerPortal = FB11E0C32CC8817700B0E811 /* Project object */;
			proxyType = 1;
			remoteGlobalIDString = FB11E0CA2CC8817700B0E811;
			remoteInfo = "mycover-app";
		};
/* End PBXContainerItemProxy section */

/* Begin PBXFileReference section */
		5D5BBEBB2D14F4C200162347 /* Product.storekit */ = {isa = PBXFileReference; lastKnownFileType = text; path = Product.storekit; sourceTree = "<group>"; };
		5D5BBEBC2D14F4C200162347 /* ProductList.plist */ = {isa = PBXFileReference; lastKnownFileType = text.plist.xml; path = ProductList.plist; sourceTree = "<group>"; };
		FB11E0CB2CC8817700B0E811 /* mycover-app.app */ = {isa = PBXFileReference; explicitFileType = wrapper.application; includeInIndex = 0; path = "mycover-app.app"; sourceTree = BUILT_PRODUCTS_DIR; };
		FB11E0DB2CC8817A00B0E811 /* mycover-appTests.xctest */ = {isa = PBXFileReference; explicitFileType = wrapper.cfbundle; includeInIndex = 0; path = "mycover-appTests.xctest"; sourceTree = BUILT_PRODUCTS_DIR; };
		FB11E0E52CC8817A00B0E811 /* mycover-appUITests.xctest */ = {isa = PBXFileReference; explicitFileType = wrapper.cfbundle; includeInIndex = 0; path = "mycover-appUITests.xctest"; sourceTree = BUILT_PRODUCTS_DIR; };
/* End PBXFileReference section */

/* Begin PBXFileSystemSynchronizedBuildFileExceptionSet section */
		5DDE78CB2CCA32ED0098E426 /* Exceptions for "mycover-app" folder in "mycover-app" target */ = {
			isa = PBXFileSystemSynchronizedBuildFileExceptionSet;
			membershipExceptions = (
				Info.plist,
			);
			target = FB11E0CA2CC8817700B0E811 /* mycover-app */;
		};
/* End PBXFileSystemSynchronizedBuildFileExceptionSet section */

/* Begin PBXFileSystemSynchronizedRootGroup section */
		FB11E0CD2CC8817700B0E811 /* mycover-app */ = {
			isa = PBXFileSystemSynchronizedRootGroup;
			exceptions = (
				5DDE78CB2CCA32ED0098E426 /* Exceptions for "mycover-app" folder in "mycover-app" target */,
			);
			path = "mycover-app";
			sourceTree = "<group>";
		};
		FB11E0DE2CC8817A00B0E811 /* mycover-appTests */ = {
			isa = PBXFileSystemSynchronizedRootGroup;
			path = "mycover-appTests";
			sourceTree = "<group>";
		};
		FB11E0E82CC8817A00B0E811 /* mycover-appUITests */ = {
			isa = PBXFileSystemSynchronizedRootGroup;
			path = "mycover-appUITests";
			sourceTree = "<group>";
		};
/* End PBXFileSystemSynchronizedRootGroup section */

/* Begin PBXFrameworksBuildPhase section */
		FB11E0C82CC8817700B0E811 /* Frameworks */ = {
			isa = PBXFrameworksBuildPhase;
			buildActionMask = 2147483647;
			files = (
				5DC83A1A2D247DF40093C3B4 /* StripePayments in Frameworks */,
				5DC83A182D247DF40093C3B4 /* StripePaymentSheet in Frameworks */,
				5DC83A162D247DF40093C3B4 /* StripeCardScan in Frameworks */,
				5DC83A122D247DF40093C3B4 /* Stripe in Frameworks */,
				5DC83A142D247DF40093C3B4 /* StripeApplePay in Frameworks */,
			);
			runOnlyForDeploymentPostprocessing = 0;
		};
		FB11E0D82CC8817A00B0E811 /* Frameworks */ = {
			isa = PBXFrameworksBuildPhase;
			buildActionMask = 2147483647;
			files = (
			);
			runOnlyForDeploymentPostprocessing = 0;
		};
		FB11E0E22CC8817A00B0E811 /* Frameworks */ = {
			isa = PBXFrameworksBuildPhase;
			buildActionMask = 2147483647;
			files = (
			);
			runOnlyForDeploymentPostprocessing = 0;
		};
/* End PBXFrameworksBuildPhase section */

/* Begin PBXGroup section */
		FB11E0C22CC8817700B0E811 = {
			isa = PBXGroup;
			children = (
				5D5BBEBB2D14F4C200162347 /* Product.storekit */,
				5D5BBEBC2D14F4C200162347 /* ProductList.plist */,
				FB11E0CD2CC8817700B0E811 /* mycover-app */,
				FB11E0DE2CC8817A00B0E811 /* mycover-appTests */,
				FB11E0E82CC8817A00B0E811 /* mycover-appUITests */,
				FB11E0CC2CC8817700B0E811 /* Products */,
			);
			sourceTree = "<group>";
		};
		FB11E0CC2CC8817700B0E811 /* Products */ = {
			isa = PBXGroup;
			children = (
				FB11E0CB2CC8817700B0E811 /* mycover-app.app */,
				FB11E0DB2CC8817A00B0E811 /* mycover-appTests.xctest */,
				FB11E0E52CC8817A00B0E811 /* mycover-appUITests.xctest */,
			);
			name = Products;
			sourceTree = "<group>";
		};
/* End PBXGroup section */

/* Begin PBXNativeTarget section */
		FB11E0CA2CC8817700B0E811 /* mycover-app */ = {
			isa = PBXNativeTarget;
			buildConfigurationList = FB11E0EF2CC8817A00B0E811 /* Build configuration list for PBXNativeTarget "mycover-app" */;
			buildPhases = (
				FB11E0C72CC8817700B0E811 /* Sources */,
				FB11E0C82CC8817700B0E811 /* Frameworks */,
				FB11E0C92CC8817700B0E811 /* Resources */,
			);
			buildRules = (
			);
			dependencies = (
			);
			fileSystemSynchronizedGroups = (
				FB11E0CD2CC8817700B0E811 /* mycover-app */,
			);
			name = "mycover-app";
			packageProductDependencies = (
				5DC83A112D247DF40093C3B4 /* Stripe */,
				5DC83A132D247DF40093C3B4 /* StripeApplePay */,
				5DC83A152D247DF40093C3B4 /* StripeCardScan */,
				5DC83A172D247DF40093C3B4 /* StripePaymentSheet */,
				5DC83A192D247DF40093C3B4 /* StripePayments */,
			);
			productName = "mycover-app";
			productReference = FB11E0CB2CC8817700B0E811 /* mycover-app.app */;
			productType = "com.apple.product-type.application";
		};
		FB11E0DA2CC8817A00B0E811 /* mycover-appTests */ = {
			isa = PBXNativeTarget;
			buildConfigurationList = FB11E0F22CC8817A00B0E811 /* Build configuration list for PBXNativeTarget "mycover-appTests" */;
			buildPhases = (
				FB11E0D72CC8817A00B0E811 /* Sources */,
				FB11E0D82CC8817A00B0E811 /* Frameworks */,
				FB11E0D92CC8817A00B0E811 /* Resources */,
			);
			buildRules = (
			);
			dependencies = (
				FB11E0DD2CC8817A00B0E811 /* PBXTargetDependency */,
			);
			fileSystemSynchronizedGroups = (
				FB11E0DE2CC8817A00B0E811 /* mycover-appTests */,
			);
			name = "mycover-appTests";
			packageProductDependencies = (
			);
			productName = "mycover-appTests";
			productReference = FB11E0DB2CC8817A00B0E811 /* mycover-appTests.xctest */;
			productType = "com.apple.product-type.bundle.unit-test";
		};
		FB11E0E42CC8817A00B0E811 /* mycover-appUITests */ = {
			isa = PBXNativeTarget;
			buildConfigurationList = FB11E0F52CC8817A00B0E811 /* Build configuration list for PBXNativeTarget "mycover-appUITests" */;
			buildPhases = (
				FB11E0E12CC8817A00B0E811 /* Sources */,
				FB11E0E22CC8817A00B0E811 /* Frameworks */,
				FB11E0E32CC8817A00B0E811 /* Resources */,
			);
			buildRules = (
			);
			dependencies = (
				FB11E0E72CC8817A00B0E811 /* PBXTargetDependency */,
			);
			fileSystemSynchronizedGroups = (
				FB11E0E82CC8817A00B0E811 /* mycover-appUITests */,
			);
			name = "mycover-appUITests";
			packageProductDependencies = (
			);
			productName = "mycover-appUITests";
			productReference = FB11E0E52CC8817A00B0E811 /* mycover-appUITests.xctest */;
			productType = "com.apple.product-type.bundle.ui-testing";
		};
/* End PBXNativeTarget section */

/* Begin PBXProject section */
		FB11E0C32CC8817700B0E811 /* Project object */ = {
			isa = PBXProject;
			attributes = {
				BuildIndependentTargetsInParallel = 1;
				LastSwiftUpdateCheck = 1600;
				LastUpgradeCheck = 1600;
				TargetAttributes = {
					FB11E0CA2CC8817700B0E811 = {
						CreatedOnToolsVersion = 16.0;
					};
					FB11E0DA2CC8817A00B0E811 = {
						CreatedOnToolsVersion = 16.0;
						TestTargetID = FB11E0CA2CC8817700B0E811;
					};
					FB11E0E42CC8817A00B0E811 = {
						CreatedOnToolsVersion = 16.0;
						TestTargetID = FB11E0CA2CC8817700B0E811;
					};
				};
			};
			buildConfigurationList = FB11E0C62CC8817700B0E811 /* Build configuration list for PBXProject "mycover-app" */;
			developmentRegion = en;
			hasScannedForEncodings = 0;
			knownRegions = (
				en,
				Base,
			);
			mainGroup = FB11E0C22CC8817700B0E811;
			minimizedProjectReferenceProxies = 1;
			packageReferences = (
				5DC83A102D247DF40093C3B4 /* XCRemoteSwiftPackageReference "stripe-ios-spm" */,
			);
			preferredProjectObjectVersion = 77;
			productRefGroup = FB11E0CC2CC8817700B0E811 /* Products */;
			projectDirPath = "";
			projectRoot = "";
			targets = (
				FB11E0CA2CC8817700B0E811 /* mycover-app */,
				FB11E0DA2CC8817A00B0E811 /* mycover-appTests */,
				FB11E0E42CC8817A00B0E811 /* mycover-appUITests */,
			);
		};
/* End PBXProject section */

/* Begin PBXResourcesBuildPhase section */
		FB11E0C92CC8817700B0E811 /* Resources */ = {
			isa = PBXResourcesBuildPhase;
			buildActionMask = 2147483647;
			files = (
				5D5BBEBD2D14F4C200162347 /* Product.storekit in Resources */,
				5D5BBEBE2D14F4C200162347 /* ProductList.plist in Resources */,
			);
			runOnlyForDeploymentPostprocessing = 0;
		};
		FB11E0D92CC8817A00B0E811 /* Resources */ = {
			isa = PBXResourcesBuildPhase;
			buildActionMask = 2147483647;
			files = (
			);
			runOnlyForDeploymentPostprocessing = 0;
		};
		FB11E0E32CC8817A00B0E811 /* Resources */ = {
			isa = PBXResourcesBuildPhase;
			buildActionMask = 2147483647;
			files = (
			);
			runOnlyForDeploymentPostprocessing = 0;
		};
/* End PBXResourcesBuildPhase section */

/* Begin PBXSourcesBuildPhase section */
		FB11E0C72CC8817700B0E811 /* Sources */ = {
			isa = PBXSourcesBuildPhase;
			buildActionMask = 2147483647;
			files = (
			);
			runOnlyForDeploymentPostprocessing = 0;
		};
		FB11E0D72CC8817A00B0E811 /* Sources */ = {
			isa = PBXSourcesBuildPhase;
			buildActionMask = 2147483647;
			files = (
			);
			runOnlyForDeploymentPostprocessing = 0;
		};
		FB11E0E12CC8817A00B0E811 /* Sources */ = {
			isa = PBXSourcesBuildPhase;
			buildActionMask = 2147483647;
			files = (
			);
			runOnlyForDeploymentPostprocessing = 0;
		};
/* End PBXSourcesBuildPhase section */

/* Begin PBXTargetDependency section */
		FB11E0DD2CC8817A00B0E811 /* PBXTargetDependency */ = {
			isa = PBXTargetDependency;
			target = FB11E0CA2CC8817700B0E811 /* mycover-app */;
			targetProxy = FB11E0DC2CC8817A00B0E811 /* PBXContainerItemProxy */;
		};
		FB11E0E72CC8817A00B0E811 /* PBXTargetDependency */ = {
			isa = PBXTargetDependency;
			target = FB11E0CA2CC8817700B0E811 /* mycover-app */;
			targetProxy = FB11E0E62CC8817A00B0E811 /* PBXContainerItemProxy */;
		};
/* End PBXTargetDependency section */

/* Begin XCBuildConfiguration section */
		FB11E0ED2CC8817A00B0E811 /* Debug */ = {
			isa = XCBuildConfiguration;
			buildSettings = {
				ALWAYS_SEARCH_USER_PATHS = NO;
				ASSETCATALOG_COMPILER_GENERATE_SWIFT_ASSET_SYMBOL_EXTENSIONS = YES;
				CLANG_ANALYZER_NONNULL = YES;
				CLANG_ANALYZER_NUMBER_OBJECT_CONVERSION = YES_AGGRESSIVE;
				CLANG_CXX_LANGUAGE_STANDARD = "gnu++20";
				CLANG_ENABLE_MODULES = YES;
				CLANG_ENABLE_OBJC_ARC = YES;
				CLANG_ENABLE_OBJC_WEAK = YES;
				CLANG_WARN_BLOCK_CAPTURE_AUTORELEASING = YES;
				CLANG_WARN_BOOL_CONVERSION = YES;
				CLANG_WARN_COMMA = YES;
				CLANG_WARN_CONSTANT_CONVERSION = YES;
				CLANG_WARN_DEPRECATED_OBJC_IMPLEMENTATIONS = YES;
				CLANG_WARN_DIRECT_OBJC_ISA_USAGE = YES_ERROR;
				CLANG_WARN_DOCUMENTATION_COMMENTS = YES;
				CLANG_WARN_EMPTY_BODY = YES;
				CLANG_WARN_ENUM_CONVERSION = YES;
				CLANG_WARN_INFINITE_RECURSION = YES;
				CLANG_WARN_INT_CONVERSION = YES;
				CLANG_WARN_NON_LITERAL_NULL_CONVERSION = YES;
				CLANG_WARN_OBJC_IMPLICIT_RETAIN_SELF = YES;
				CLANG_WARN_OBJC_LITERAL_CONVERSION = YES;
				CLANG_WARN_OBJC_ROOT_CLASS = YES_ERROR;
				CLANG_WARN_QUOTED_INCLUDE_IN_FRAMEWORK_HEADER = YES;
				CLANG_WARN_RANGE_LOOP_ANALYSIS = YES;
				CLANG_WARN_STRICT_PROTOTYPES = YES;
				CLANG_WARN_SUSPICIOUS_MOVE = YES;
				CLANG_WARN_UNGUARDED_AVAILABILITY = YES_AGGRESSIVE;
				CLANG_WARN_UNREACHABLE_CODE = YES;
				CLANG_WARN__DUPLICATE_METHOD_MATCH = YES;
				COPY_PHASE_STRIP = NO;
				DEBUG_INFORMATION_FORMAT = dwarf;
				ENABLE_STRICT_OBJC_MSGSEND = YES;
				ENABLE_TESTABILITY = YES;
				ENABLE_USER_SCRIPT_SANDBOXING = YES;
				GCC_C_LANGUAGE_STANDARD = gnu17;
				GCC_DYNAMIC_NO_PIC = NO;
				GCC_NO_COMMON_BLOCKS = YES;
				GCC_OPTIMIZATION_LEVEL = 0;
				GCC_PREPROCESSOR_DEFINITIONS = (
					"DEBUG=1",
					"$(inherited)",
				);
				GCC_WARN_64_TO_32_BIT_CONVERSION = YES;
				GCC_WARN_ABOUT_RETURN_TYPE = YES_ERROR;
				GCC_WARN_UNDECLARED_SELECTOR = YES;
				GCC_WARN_UNINITIALIZED_AUTOS = YES_AGGRESSIVE;
				GCC_WARN_UNUSED_FUNCTION = YES;
				GCC_WARN_UNUSED_VARIABLE = YES;
				IPHONEOS_DEPLOYMENT_TARGET = 18.0;
				LOCALIZATION_PREFERS_STRING_CATALOGS = YES;
				MTL_ENABLE_DEBUG_INFO = INCLUDE_SOURCE;
				MTL_FAST_MATH = YES;
				ONLY_ACTIVE_ARCH = YES;
				SDKROOT = iphoneos;
				SWIFT_ACTIVE_COMPILATION_CONDITIONS = "DEBUG $(inherited)";
				SWIFT_OPTIMIZATION_LEVEL = "-Onone";
			};
			name = Debug;
		};
		FB11E0EE2CC8817A00B0E811 /* Release */ = {
			isa = XCBuildConfiguration;
			buildSettings = {
				ALWAYS_SEARCH_USER_PATHS = NO;
				ASSETCATALOG_COMPILER_GENERATE_SWIFT_ASSET_SYMBOL_EXTENSIONS = YES;
				CLANG_ANALYZER_NONNULL = YES;
				CLANG_ANALYZER_NUMBER_OBJECT_CONVERSION = YES_AGGRESSIVE;
				CLANG_CXX_LANGUAGE_STANDARD = "gnu++20";
				CLANG_ENABLE_MODULES = YES;
				CLANG_ENABLE_OBJC_ARC = YES;
				CLANG_ENABLE_OBJC_WEAK = YES;
				CLANG_WARN_BLOCK_CAPTURE_AUTORELEASING = YES;
				CLANG_WARN_BOOL_CONVERSION = YES;
				CLANG_WARN_COMMA = YES;
				CLANG_WARN_CONSTANT_CONVERSION = YES;
				CLANG_WARN_DEPRECATED_OBJC_IMPLEMENTATIONS = YES;
				CLANG_WARN_DIRECT_OBJC_ISA_USAGE = YES_ERROR;
				CLANG_WARN_DOCUMENTATION_COMMENTS = YES;
				CLANG_WARN_EMPTY_BODY = YES;
				CLANG_WARN_ENUM_CONVERSION = YES;
				CLANG_WARN_INFINITE_RECURSION = YES;
				CLANG_WARN_INT_CONVERSION = YES;
				CLANG_WARN_NON_LITERAL_NULL_CONVERSION = YES;
				CLANG_WARN_OBJC_IMPLICIT_RETAIN_SELF = YES;
				CLANG_WARN_OBJC_LITERAL_CONVERSION = YES;
				CLANG_WARN_OBJC_ROOT_CLASS = YES_ERROR;
				CLANG_WARN_QUOTED_INCLUDE_IN_FRAMEWORK_HEADER = YES;
				CLANG_WARN_RANGE_LOOP_ANALYSIS = YES;
				CLANG_WARN_STRICT_PROTOTYPES = YES;
				CLANG_WARN_SUSPICIOUS_MOVE = YES;
				CLANG_WARN_UNGUARDED_AVAILABILITY = YES_AGGRESSIVE;
				CLANG_WARN_UNREACHABLE_CODE = YES;
				CLANG_WARN__DUPLICATE_METHOD_MATCH = YES;
				COPY_PHASE_STRIP = NO;
				DEBUG_INFORMATION_FORMAT = "dwarf-with-dsym";
				ENABLE_NS_ASSERTIONS = NO;
				ENABLE_STRICT_OBJC_MSGSEND = YES;
				ENABLE_USER_SCRIPT_SANDBOXING = YES;
				GCC_C_LANGUAGE_STANDARD = gnu17;
				GCC_NO_COMMON_BLOCKS = YES;
				GCC_WARN_64_TO_32_BIT_CONVERSION = YES;
				GCC_WARN_ABOUT_RETURN_TYPE = YES_ERROR;
				GCC_WARN_UNDECLARED_SELECTOR = YES;
				GCC_WARN_UNINITIALIZED_AUTOS = YES_AGGRESSIVE;
				GCC_WARN_UNUSED_FUNCTION = YES;
				GCC_WARN_UNUSED_VARIABLE = YES;
				IPHONEOS_DEPLOYMENT_TARGET = 18.0;
				LOCALIZATION_PREFERS_STRING_CATALOGS = YES;
				MTL_ENABLE_DEBUG_INFO = NO;
				MTL_FAST_MATH = YES;
				SDKROOT = iphoneos;
				SWIFT_COMPILATION_MODE = wholemodule;
				VALIDATE_PRODUCT = YES;
			};
			name = Release;
		};
		FB11E0F02CC8817A00B0E811 /* Debug */ = {
			isa = XCBuildConfiguration;
			buildSettings = {
				ASSETCATALOG_COMPILER_APPICON_NAME = AppIcon;
				ASSETCATALOG_COMPILER_GLOBAL_ACCENT_COLOR_NAME = AccentColor;
				CODE_SIGN_ENTITLEMENTS = "mycover-app/mycover-app.entitlements";
				CODE_SIGN_IDENTITY = "Apple Development";
				CODE_SIGN_STYLE = Automatic;
				CURRENT_PROJECT_VERSION = 1;
				DEVELOPMENT_ASSET_PATHS = "\"mycover-app/Preview Content\"";
				DEVELOPMENT_TEAM = G57L98C429;
				ENABLE_PREVIEWS = YES;
				GENERATE_INFOPLIST_FILE = YES;
				INFOPLIST_FILE = "mycover-app/Info.plist";
				INFOPLIST_KEY_CFBundleDisplayName = myCover;
				INFOPLIST_KEY_UIApplicationSceneManifest_Generation = YES;
				INFOPLIST_KEY_UIApplicationSupportsIndirectInputEvents = YES;
				INFOPLIST_KEY_UILaunchScreen_Generation = YES;
				INFOPLIST_KEY_UISupportedInterfaceOrientations_iPad = "UIInterfaceOrientationPortrait UIInterfaceOrientationPortraitUpsideDown UIInterfaceOrientationLandscapeLeft UIInterfaceOrientationLandscapeRight";
				INFOPLIST_KEY_UISupportedInterfaceOrientations_iPhone = "UIInterfaceOrientationPortrait UIInterfaceOrientationLandscapeLeft UIInterfaceOrientationLandscapeRight";
				LD_RUNPATH_SEARCH_PATHS = (
					"$(inherited)",
					"@executable_path/Frameworks",
				);
				MARKETING_VERSION = 1.0;
				PRODUCT_BUNDLE_IDENTIFIER = com.elvirojoeldominguezvargass.mycoverapp;
				PRODUCT_NAME = "$(TARGET_NAME)";
				PROVISIONING_PROFILE_SPECIFIER = "";
				SWIFT_EMIT_LOC_STRINGS = YES;
				SWIFT_VERSION = 5.0;
				TARGETED_DEVICE_FAMILY = "1,2";
			};
			name = Debug;
		};
		FB11E0F12CC8817A00B0E811 /* Release */ = {
			isa = XCBuildConfiguration;
			buildSettings = {
				ASSETCATALOG_COMPILER_APPICON_NAME = AppIcon;
				ASSETCATALOG_COMPILER_GLOBAL_ACCENT_COLOR_NAME = AccentColor;
				CODE_SIGN_ENTITLEMENTS = "mycover-app/mycover-app.entitlements";
				CODE_SIGN_IDENTITY = "Apple Development";
				CODE_SIGN_STYLE = Automatic;
				CURRENT_PROJECT_VERSION = 1;
				DEVELOPMENT_ASSET_PATHS = "\"mycover-app/Preview Content\"";
				DEVELOPMENT_TEAM = G57L98C429;
				ENABLE_PREVIEWS = YES;
				GENERATE_INFOPLIST_FILE = YES;
				INFOPLIST_FILE = "mycover-app/Info.plist";
				INFOPLIST_KEY_CFBundleDisplayName = myCover;
				INFOPLIST_KEY_UIApplicationSceneManifest_Generation = YES;
				INFOPLIST_KEY_UIApplicationSupportsIndirectInputEvents = YES;
				INFOPLIST_KEY_UILaunchScreen_Generation = YES;
				INFOPLIST_KEY_UISupportedInterfaceOrientations_iPad = "UIInterfaceOrientationPortrait UIInterfaceOrientationPortraitUpsideDown UIInterfaceOrientationLandscapeLeft UIInterfaceOrientationLandscapeRight";
				INFOPLIST_KEY_UISupportedInterfaceOrientations_iPhone = "UIInterfaceOrientationPortrait UIInterfaceOrientationLandscapeLeft UIInterfaceOrientationLandscapeRight";
				LD_RUNPATH_SEARCH_PATHS = (
					"$(inherited)",
					"@executable_path/Frameworks",
				);
				MARKETING_VERSION = 1.0;
				PRODUCT_BUNDLE_IDENTIFIER = com.elvirojoeldominguezvargass.mycoverapp;
				PRODUCT_NAME = "$(TARGET_NAME)";
				PROVISIONING_PROFILE_SPECIFIER = "";
				SWIFT_EMIT_LOC_STRINGS = YES;
				SWIFT_VERSION = 5.0;
				TARGETED_DEVICE_FAMILY = "1,2";
			};
			name = Release;
		};
		FB11E0F32CC8817A00B0E811 /* Debug */ = {
			isa = XCBuildConfiguration;
			buildSettings = {
				BUNDLE_LOADER = "$(TEST_HOST)";
				CODE_SIGN_STYLE = Automatic;
				CURRENT_PROJECT_VERSION = 1;
				DEVELOPMENT_TEAM = HZ3BXVR454;
				GENERATE_INFOPLIST_FILE = YES;
				IPHONEOS_DEPLOYMENT_TARGET = 18.0;
				MARKETING_VERSION = 1.0;
				PRODUCT_BUNDLE_IDENTIFIER = "elvirodominguez.mycover-appTests";
				PRODUCT_NAME = "$(TARGET_NAME)";
				SWIFT_EMIT_LOC_STRINGS = NO;
				SWIFT_VERSION = 5.0;
				TARGETED_DEVICE_FAMILY = "1,2";
				TEST_HOST = "$(BUILT_PRODUCTS_DIR)/mycover-app.app/$(BUNDLE_EXECUTABLE_FOLDER_PATH)/mycover-app";
			};
			name = Debug;
		};
		FB11E0F42CC8817A00B0E811 /* Release */ = {
			isa = XCBuildConfiguration;
			buildSettings = {
				BUNDLE_LOADER = "$(TEST_HOST)";
				CODE_SIGN_STYLE = Automatic;
				CURRENT_PROJECT_VERSION = 1;
				DEVELOPMENT_TEAM = HZ3BXVR454;
				GENERATE_INFOPLIST_FILE = YES;
				IPHONEOS_DEPLOYMENT_TARGET = 18.0;
				MARKETING_VERSION = 1.0;
				PRODUCT_BUNDLE_IDENTIFIER = "elvirodominguez.mycover-appTests";
				PRODUCT_NAME = "$(TARGET_NAME)";
				SWIFT_EMIT_LOC_STRINGS = NO;
				SWIFT_VERSION = 5.0;
				TARGETED_DEVICE_FAMILY = "1,2";
				TEST_HOST = "$(BUILT_PRODUCTS_DIR)/mycover-app.app/$(BUNDLE_EXECUTABLE_FOLDER_PATH)/mycover-app";
			};
			name = Release;
		};
		FB11E0F62CC8817A00B0E811 /* Debug */ = {
			isa = XCBuildConfiguration;
			buildSettings = {
				CODE_SIGN_STYLE = Automatic;
				CURRENT_PROJECT_VERSION = 1;
				DEVELOPMENT_TEAM = HZ3BXVR454;
				GENERATE_INFOPLIST_FILE = YES;
				MARKETING_VERSION = 1.0;
				PRODUCT_BUNDLE_IDENTIFIER = "elvirodominguez.mycover-appUITests";
				PRODUCT_NAME = "$(TARGET_NAME)";
				SWIFT_EMIT_LOC_STRINGS = NO;
				SWIFT_VERSION = 5.0;
				TARGETED_DEVICE_FAMILY = "1,2";
				TEST_TARGET_NAME = "mycover-app";
			};
			name = Debug;
		};
		FB11E0F72CC8817A00B0E811 /* Release */ = {
			isa = XCBuildConfiguration;
			buildSettings = {
				CODE_SIGN_STYLE = Automatic;
				CURRENT_PROJECT_VERSION = 1;
				DEVELOPMENT_TEAM = HZ3BXVR454;
				GENERATE_INFOPLIST_FILE = YES;
				MARKETING_VERSION = 1.0;
				PRODUCT_BUNDLE_IDENTIFIER = "elvirodominguez.mycover-appUITests";
				PRODUCT_NAME = "$(TARGET_NAME)";
				SWIFT_EMIT_LOC_STRINGS = NO;
				SWIFT_VERSION = 5.0;
				TARGETED_DEVICE_FAMILY = "1,2";
				TEST_TARGET_NAME = "mycover-app";
			};
			name = Release;
		};
/* End XCBuildConfiguration section */

/* Begin XCConfigurationList section */
		FB11E0C62CC8817700B0E811 /* Build configuration list for PBXProject "mycover-app" */ = {
			isa = XCConfigurationList;
			buildConfigurations = (
				FB11E0ED2CC8817A00B0E811 /* Debug */,
				FB11E0EE2CC8817A00B0E811 /* Release */,
			);
			defaultConfigurationIsVisible = 0;
			defaultConfigurationName = Release;
		};
		FB11E0EF2CC8817A00B0E811 /* Build configuration list for PBXNativeTarget "mycover-app" */ = {
			isa = XCConfigurationList;
			buildConfigurations = (
				FB11E0F02CC8817A00B0E811 /* Debug */,
				FB11E0F12CC8817A00B0E811 /* Release */,
			);
			defaultConfigurationIsVisible = 0;
			defaultConfigurationName = Release;
		};
		FB11E0F22CC8817A00B0E811 /* Build configuration list for PBXNativeTarget "mycover-appTests" */ = {
			isa = XCConfigurationList;
			buildConfigurations = (
				FB11E0F32CC8817A00B0E811 /* Debug */,
				FB11E0F42CC8817A00B0E811 /* Release */,
			);
			defaultConfigurationIsVisible = 0;
			defaultConfigurationName = Release;
		};
		FB11E0F52CC8817A00B0E811 /* Build configuration list for PBXNativeTarget "mycover-appUITests" */ = {
			isa = XCConfigurationList;
			buildConfigurations = (
				FB11E0F62CC8817A00B0E811 /* Debug */,
				FB11E0F72CC8817A00B0E811 /* Release */,
			);
			defaultConfigurationIsVisible = 0;
			defaultConfigurationName = Release;
		};
/* End XCConfigurationList section */

/* Begin XCRemoteSwiftPackageReference section */
		5DC83A102D247DF40093C3B4 /* XCRemoteSwiftPackageReference "stripe-ios-spm" */ = {
			isa = XCRemoteSwiftPackageReference;
			repositoryURL = "https://github.com/stripe/stripe-ios-spm";
			requirement = {
				kind = upToNextMajorVersion;
				minimumVersion = 24.2.0;
			};
		};
/* End XCRemoteSwiftPackageReference section */

/* Begin XCSwiftPackageProductDependency section */
		5DC83A112D247DF40093C3B4 /* Stripe */ = {
			isa = XCSwiftPackageProductDependency;
			package = 5DC83A102D247DF40093C3B4 /* XCRemoteSwiftPackageReference "stripe-ios-spm" */;
			productName = Stripe;
		};
		5DC83A132D247DF40093C3B4 /* StripeApplePay */ = {
			isa = XCSwiftPackageProductDependency;
			package = 5DC83A102D247DF40093C3B4 /* XCRemoteSwiftPackageReference "stripe-ios-spm" */;
			productName = StripeApplePay;
		};
		5DC83A152D247DF40093C3B4 /* StripeCardScan */ = {
			isa = XCSwiftPackageProductDependency;
			package = 5DC83A102D247DF40093C3B4 /* XCRemoteSwiftPackageReference "stripe-ios-spm" */;
			productName = StripeCardScan;
		};
		5DC83A172D247DF40093C3B4 /* StripePaymentSheet */ = {
			isa = XCSwiftPackageProductDependency;
			package = 5DC83A102D247DF40093C3B4 /* XCRemoteSwiftPackageReference "stripe-ios-spm" */;
			productName = StripePaymentSheet;
		};
		5DC83A192D247DF40093C3B4 /* StripePayments */ = {
			isa = XCSwiftPackageProductDependency;
			package = 5DC83A102D247DF40093C3B4 /* XCRemoteSwiftPackageReference "stripe-ios-spm" */;
			productName = StripePayments;
		};
/* End XCSwiftPackageProductDependency section */
	};
	rootObject = FB11E0C32CC8817700B0E811 /* Project object */;
}
